
Microsoft Visual Studio Solution File, Format Version 12.00
# Visual Studio Version 17
VisualStudioVersion = 17.2.32630.192
MinimumVisualStudioVersion = 10.0.40219.1
Project("{9A19103F-16F7-4668-BE54-9A1E7A4F7556}") = "Domain", "Domain\Domain.csproj", "{7FDD5654-EA38-47B0-86BA-75FA4F77893F}"
EndProject
Project("{9A19103F-16F7-4668-BE54-9A1E7A4F7556}") = "Infrastructure", "Infrastructure\Infrastructure.csproj", "{582A437D-07E3-4722-98F5-306380FE9A13}"
EndProject
Project("{9A19103F-16F7-4668-BE54-9A1E7A4F7556}") = "Application", "Application\Application.csproj", "{81622CDD-F7E1-402E-9342-BB0DDB7E044C}"
EndProject
Project("{9A19103F-16F7-4668-BE54-9A1E7A4F7556}") = "Common", "Common\Common.csproj", "{6525FD87-3541-4D66-9B22-C51C74122D53}"
EndProject
Project("{9A19103F-16F7-4668-BE54-9A1E7A4F7556}") = "SampleTemplate", "SampleTemplate\SampleTemplate.csproj", "{C9B4339A-5E5E-4C53-9B3F-3CADE5FBE98E}"
EndProject
Global
	GlobalSection(SolutionConfigurationPlatforms) = preSolution
		Debug|Any CPU = Debug|Any CPU
		Release|Any CPU = Release|Any CPU
	EndGlobalSection
	GlobalSection(ProjectConfigurationPlatforms) = postSolution
		{7FDD5654-EA38-47B0-86BA-75FA4F77893F}.Debug|Any CPU.ActiveCfg = Debug|Any CPU
		{7FDD5654-EA38-47B0-86BA-75FA4F77893F}.Debug|Any CPU.Build.0 = Debug|Any CPU
		{7FDD5654-EA38-47B0-86BA-75FA4F77893F}.Release|Any CPU.ActiveCfg = Release|Any CPU
		{7FDD5654-EA38-47B0-86BA-75FA4F77893F}.Release|Any CPU.Build.0 = Release|Any CPU
		{582A437D-07E3-4722-98F5-306380FE9A13}.Debug|Any CPU.ActiveCfg = Debug|Any CPU
		{582A437D-07E3-4722-98F5-306380FE9A13}.Debug|Any CPU.Build.0 = Debug|Any CPU
		{582A437D-07E3-4722-98F5-306380FE9A13}.Release|Any CPU.ActiveCfg = Release|Any CPU
		{582A437D-07E3-4722-98F5-306380FE9A13}.Release|Any CPU.Build.0 = Release|Any CPU
		{81622CDD-F7E1-402E-9342-BB0DDB7E044C}.Debug|Any CPU.ActiveCfg = Debug|Any CPU
		{81622CDD-F7E1-402E-9342-BB0DDB7E044C}.Debug|Any CPU.Build.0 = Debug|Any CPU
		{81622CDD-F7E1-402E-9342-BB0DDB7E044C}.Release|Any CPU.ActiveCfg = Release|Any CPU
		{81622CDD-F7E1-402E-9342-BB0DDB7E044C}.Release|Any CPU.Build.0 = Release|Any CPU
		{6525FD87-3541-4D66-9B22-C51C74122D53}.Debug|Any CPU.ActiveCfg = Debug|Any CPU
		{6525FD87-3541-4D66-9B22-C51C74122D53}.Debug|Any CPU.Build.0 = Debug|Any CPU
		{6525FD87-3541-4D66-9B22-C51C74122D53}.Release|Any CPU.ActiveCfg = Release|Any CPU
		{6525FD87-3541-4D66-9B22-C51C74122D53}.Release|Any CPU.Build.0 = Release|Any CPU
		{C9B4339A-5E5E-4C53-9B3F-3CADE5FBE98E}.Debug|Any CPU.ActiveCfg = Debug|Any CPU
		{C9B4339A-5E5E-4C53-9B3F-3CADE5FBE98E}.Debug|Any CPU.Build.0 = Debug|Any CPU
		{C9B4339A-5E5E-4C53-9B3F-3CADE5FBE98E}.Release|Any CPU.ActiveCfg = Release|Any CPU
		{C9B4339A-5E5E-4C53-9B3F-3CADE5FBE98E}.Release|Any CPU.Build.0 = Release|Any CPU
	EndGlobalSection
	GlobalSection(SolutionProperties) = preSolution
		HideSolutionNode = FALSE
	EndGlobalSection
	GlobalSection(ExtensibilityGlobals) = postSolution
		SolutionGuid = {4E5D0708-A5D5-41CC-AF30-5E7CD01A7AAF}
	EndGlobalSection
EndGlobal
